
Microsoft Visual Studio Solution File, Format Version 12.00
# Visual Studio Version 16
VisualStudioVersion = 16.0.32428.217
MinimumVisualStudioVersion = 10.0.40219.1
Project("{8BC9CEB8-8B4A-11D0-8D11-00A0C91BC942}") = "HERA", "HERA\HERA.vcxproj", "{50017D36-1590-44DF-9EC2-A8A1353A9C92}"
EndProject
Global
	GlobalSection(SolutionConfigurationPlatforms) = preSolution
		Debug|x64 = Debug|x64
		Debug|x86 = Debug|x86
		Release|x64 = Release|x64
		Release|x86 = Release|x86
	EndGlobalSection
	GlobalSection(ProjectConfigurationPlatforms) = postSolution
		{50017D36-1590-44DF-9EC2-A8A1353A9C92}.Debug|x64.ActiveCfg = Debug|x64
		{50017D36-1590-44DF-9EC2-A8A1353A9C92}.Debug|x64.Build.0 = Debug|x64
		{50017D36-1590-44DF-9EC2-A8A1353A9C92}.Debug|x86.ActiveCfg = Debug|Win32
		{50017D36-1590-44DF-9EC2-A8A1353A9C92}.Debug|x86.Build.0 = Debug|Win32
		{50017D36-1590-44DF-9EC2-A8A1353A9C92}.Release|x64.ActiveCfg = Release|x64
		{50017D36-1590-44DF-9EC2-A8A1353A9C92}.Release|x64.Build.0 = Release|x64
		{50017D36-1590-44DF-9EC2-A8A1353A9C92}.Release|x86.ActiveCfg = Release|Win32
		{50017D36-1590-44DF-9EC2-A8A1353A9C92}.Release|x86.Build.0 = Release|Win32
	EndGlobalSection
	GlobalSection(SolutionProperties) = preSolution
		HideSolutionNode = FALSE
	EndGlobalSection
	GlobalSection(ExtensibilityGlobals) = postSolution
		SolutionGuid = {F5A6667C-C76A-42B9-885E-A591B360712F}
	EndGlobalSection
EndGlobal
